
Microsoft Visual Studio Solution File, Format Version 12.00
# Visual Studio Version 16
VisualStudioVersion = 16.0.29920.165
MinimumVisualStudioVersion = 10.0.40219.1
Project("{FAE04EC0-301F-11D3-BF4B-00C04F79EFBC}") = "1_Produto-(ToString)", "1_Produto-(ToString).csproj", "{AB22AAE2-BC89-4AA0-B31E-84DFFF5FB9CB}"
EndProject
Global
	GlobalSection(SolutionConfigurationPlatforms) = preSolution
		Debug|Any CPU = Debug|Any CPU
		Release|Any CPU = Release|Any CPU
	EndGlobalSection
	GlobalSection(ProjectConfigurationPlatforms) = postSolution
		{AB22AAE2-BC89-4AA0-B31E-84DFFF5FB9CB}.Debug|Any CPU.ActiveCfg = Debug|Any CPU
		{AB22AAE2-BC89-4AA0-B31E-84DFFF5FB9CB}.Debug|Any CPU.Build.0 = Debug|Any CPU
		{AB22AAE2-BC89-4AA0-B31E-84DFFF5FB9CB}.Release|Any CPU.ActiveCfg = Release|Any CPU
		{AB22AAE2-BC89-4AA0-B31E-84DFFF5FB9CB}.Release|Any CPU.Build.0 = Release|Any CPU
	EndGlobalSection
	GlobalSection(SolutionProperties) = preSolution
		HideSolutionNode = FALSE
	EndGlobalSection
	GlobalSection(ExtensibilityGlobals) = postSolution
		SolutionGuid = {15992C5D-8867-4694-96C4-1B558526B5DE}
	EndGlobalSection
EndGlobal
