
Microsoft Visual Studio Solution File, Format Version 12.00
# Visual Studio Version 16
VisualStudioVersion = 16.0.29920.165
MinimumVisualStudioVersion = 10.0.40219.1
Project("{FAE04EC0-301F-11D3-BF4B-00C04F79EFBC}") = "2_Salarios", "2_Salarios.csproj", "{0B27CD82-5516-40A0-8EFC-A0225CCEE56F}"
EndProject
Global
	GlobalSection(SolutionConfigurationPlatforms) = preSolution
		Debug|Any CPU = Debug|Any CPU
		Release|Any CPU = Release|Any CPU
	EndGlobalSection
	GlobalSection(ProjectConfigurationPlatforms) = postSolution
		{0B27CD82-5516-40A0-8EFC-A0225CCEE56F}.Debug|Any CPU.ActiveCfg = Debug|Any CPU
		{0B27CD82-5516-40A0-8EFC-A0225CCEE56F}.Debug|Any CPU.Build.0 = Debug|Any CPU
		{0B27CD82-5516-40A0-8EFC-A0225CCEE56F}.Release|Any CPU.ActiveCfg = Release|Any CPU
		{0B27CD82-5516-40A0-8EFC-A0225CCEE56F}.Release|Any CPU.Build.0 = Release|Any CPU
	EndGlobalSection
	GlobalSection(SolutionProperties) = preSolution
		HideSolutionNode = FALSE
	EndGlobalSection
	GlobalSection(ExtensibilityGlobals) = postSolution
		SolutionGuid = {1578BBEA-3D67-48B5-8D3F-F15D81D543CC}
	EndGlobalSection
EndGlobal
