
Microsoft Visual Studio Solution File, Format Version 12.00
# Visual Studio Version 16
VisualStudioVersion = 16.0.29920.165
MinimumVisualStudioVersion = 10.0.40219.1
Project("{FAE04EC0-301F-11D3-BF4B-00C04F79EFBC}") = "3_Notas", "3_Notas.csproj", "{AE1A06C0-DD9A-47F5-BBAF-4F1DBBA92FBB}"
EndProject
Global
	GlobalSection(SolutionConfigurationPlatforms) = preSolution
		Debug|Any CPU = Debug|Any CPU
		Release|Any CPU = Release|Any CPU
	EndGlobalSection
	GlobalSection(ProjectConfigurationPlatforms) = postSolution
		{AE1A06C0-DD9A-47F5-BBAF-4F1DBBA92FBB}.Debug|Any CPU.ActiveCfg = Debug|Any CPU
		{AE1A06C0-DD9A-47F5-BBAF-4F1DBBA92FBB}.Debug|Any CPU.Build.0 = Debug|Any CPU
		{AE1A06C0-DD9A-47F5-BBAF-4F1DBBA92FBB}.Release|Any CPU.ActiveCfg = Release|Any CPU
		{AE1A06C0-DD9A-47F5-BBAF-4F1DBBA92FBB}.Release|Any CPU.Build.0 = Release|Any CPU
	EndGlobalSection
	GlobalSection(SolutionProperties) = preSolution
		HideSolutionNode = FALSE
	EndGlobalSection
	GlobalSection(ExtensibilityGlobals) = postSolution
		SolutionGuid = {48C73DCF-FC98-4774-809E-FF707761B39A}
	EndGlobalSection
EndGlobal
