
Microsoft Visual Studio Solution File, Format Version 12.00
# Visual Studio Version 16
VisualStudioVersion = 16.0.29920.165
MinimumVisualStudioVersion = 10.0.40219.1
Project("{FAE04EC0-301F-11D3-BF4B-00C04F79EFBC}") = "2_Conta-ClasseAbstrata", "2_Conta-ClasseAbstrata.csproj", "{69C2D3CF-D7EA-4D02-8FC4-763E716A184D}"
EndProject
Global
	GlobalSection(SolutionConfigurationPlatforms) = preSolution
		Debug|Any CPU = Debug|Any CPU
		Release|Any CPU = Release|Any CPU
	EndGlobalSection
	GlobalSection(ProjectConfigurationPlatforms) = postSolution
		{69C2D3CF-D7EA-4D02-8FC4-763E716A184D}.Debug|Any CPU.ActiveCfg = Debug|Any CPU
		{69C2D3CF-D7EA-4D02-8FC4-763E716A184D}.Debug|Any CPU.Build.0 = Debug|Any CPU
		{69C2D3CF-D7EA-4D02-8FC4-763E716A184D}.Release|Any CPU.ActiveCfg = Release|Any CPU
		{69C2D3CF-D7EA-4D02-8FC4-763E716A184D}.Release|Any CPU.Build.0 = Release|Any CPU
	EndGlobalSection
	GlobalSection(SolutionProperties) = preSolution
		HideSolutionNode = FALSE
	EndGlobalSection
	GlobalSection(ExtensibilityGlobals) = postSolution
		SolutionGuid = {84796FD3-128E-4D97-B2FC-532B4F2A7940}
	EndGlobalSection
EndGlobal
