
Microsoft Visual Studio Solution File, Format Version 12.00
# Visual Studio Version 16
VisualStudioVersion = 16.0.29920.165
MinimumVisualStudioVersion = 10.0.40219.1
Project("{FAE04EC0-301F-11D3-BF4B-00C04F79EFBC}") = "2_Precos", "2_Precos.csproj", "{6B9128F1-8B83-492D-8DD2-335D899203AE}"
EndProject
Global
	GlobalSection(SolutionConfigurationPlatforms) = preSolution
		Debug|Any CPU = Debug|Any CPU
		Release|Any CPU = Release|Any CPU
	EndGlobalSection
	GlobalSection(ProjectConfigurationPlatforms) = postSolution
		{6B9128F1-8B83-492D-8DD2-335D899203AE}.Debug|Any CPU.ActiveCfg = Debug|Any CPU
		{6B9128F1-8B83-492D-8DD2-335D899203AE}.Debug|Any CPU.Build.0 = Debug|Any CPU
		{6B9128F1-8B83-492D-8DD2-335D899203AE}.Release|Any CPU.ActiveCfg = Release|Any CPU
		{6B9128F1-8B83-492D-8DD2-335D899203AE}.Release|Any CPU.Build.0 = Release|Any CPU
	EndGlobalSection
	GlobalSection(SolutionProperties) = preSolution
		HideSolutionNode = FALSE
	EndGlobalSection
	GlobalSection(ExtensibilityGlobals) = postSolution
		SolutionGuid = {50F80CF7-DE7E-4DAF-9E4F-2A6D4FE65A15}
	EndGlobalSection
EndGlobal
