
Microsoft Visual Studio Solution File, Format Version 12.00
# Visual Studio Version 16
VisualStudioVersion = 16.0.29920.165
MinimumVisualStudioVersion = 10.0.40219.1
Project("{FAE04EC0-301F-11D3-BF4B-00C04F79EFBC}") = "2_CotacaoDolar", "2_CotacaoDolar.csproj", "{D96EF737-E6EC-41BD-B520-FD74848F2487}"
EndProject
Global
	GlobalSection(SolutionConfigurationPlatforms) = preSolution
		Debug|Any CPU = Debug|Any CPU
		Release|Any CPU = Release|Any CPU
	EndGlobalSection
	GlobalSection(ProjectConfigurationPlatforms) = postSolution
		{D96EF737-E6EC-41BD-B520-FD74848F2487}.Debug|Any CPU.ActiveCfg = Debug|Any CPU
		{D96EF737-E6EC-41BD-B520-FD74848F2487}.Debug|Any CPU.Build.0 = Debug|Any CPU
		{D96EF737-E6EC-41BD-B520-FD74848F2487}.Release|Any CPU.ActiveCfg = Release|Any CPU
		{D96EF737-E6EC-41BD-B520-FD74848F2487}.Release|Any CPU.Build.0 = Release|Any CPU
	EndGlobalSection
	GlobalSection(SolutionProperties) = preSolution
		HideSolutionNode = FALSE
	EndGlobalSection
	GlobalSection(ExtensibilityGlobals) = postSolution
		SolutionGuid = {D3A86A16-ACFF-42A5-BDCD-097223858167}
	EndGlobalSection
EndGlobal
